// !$*UTF8*$!
{
	archiveVersion = 1;
	classes = {
	};
	objectVersion = 56;
	objects = {

/* Begin PBXBuildFile section */
		087F85CF2A714CE600BC1973 /* Swifter in Frameworks */ = {isa = PBXBuildFile; productRef = 087F85CE2A714CE600BC1973 /* Swifter */; };
		087F85D12A71518A00BC1973 /* TwitterConstants.swift in Sources */ = {isa = PBXBuildFile; fileRef = 087F85D02A71518A00BC1973 /* TwitterConstants.swift */; };
		087F85D32A71F6B800BC1973 /* SignupViewController.swift in Sources */ = {isa = PBXBuildFile; fileRef = 087F85D22A71F6B800BC1973 /* SignupViewController.swift */; };
		087F85D52A722E2B00BC1973 /* LoginViewController.swift in Sources */ = {isa = PBXBuildFile; fileRef = 087F85D42A722E2A00BC1973 /* LoginViewController.swift */; };
		087F85D72A724A7300BC1973 /* TabBarController.swift in Sources */ = {isa = PBXBuildFile; fileRef = 087F85D62A724A7300BC1973 /* TabBarController.swift */; };
		087F85D92A724B1200BC1973 /* HomeViewController.swift in Sources */ = {isa = PBXBuildFile; fileRef = 087F85D82A724B1200BC1973 /* HomeViewController.swift */; };
		087F85DB2A724B4800BC1973 /* WishlistViewController.swift in Sources */ = {isa = PBXBuildFile; fileRef = 087F85DA2A724B4800BC1973 /* WishlistViewController.swift */; };
		087F85DD2A724C4000BC1973 /* OrderViewController.swift in Sources */ = {isa = PBXBuildFile; fileRef = 087F85DC2A724C4000BC1973 /* OrderViewController.swift */; };
		087F85DF2A724C5F00BC1973 /* MyCardsViewController.swift in Sources */ = {isa = PBXBuildFile; fileRef = 087F85DE2A724C5F00BC1973 /* MyCardsViewController.swift */; };
		08922EE52A709F0200F770AD /* AppDelegate.swift in Sources */ = {isa = PBXBuildFile; fileRef = 08922EE42A709F0200F770AD /* AppDelegate.swift */; };
		08922EE72A709F0300F770AD /* SceneDelegate.swift in Sources */ = {isa = PBXBuildFile; fileRef = 08922EE62A709F0300F770AD /* SceneDelegate.swift */; };
		08922EE92A709F0300F770AD /* ViewController.swift in Sources */ = {isa = PBXBuildFile; fileRef = 08922EE82A709F0300F770AD /* ViewController.swift */; };
		08922EEE2A709F0500F770AD /* Assets.xcassets in Resources */ = {isa = PBXBuildFile; fileRef = 08922EED2A709F0500F770AD /* Assets.xcassets */; };
		08922EF12A709F0500F770AD /* LaunchScreen.storyboard in Resources */ = {isa = PBXBuildFile; fileRef = 08922EEF2A709F0500F770AD /* LaunchScreen.storyboard */; };
		08922F0C2A70BC2000F770AD /* Inter-Medium.ttf in Resources */ = {isa = PBXBuildFile; fileRef = 08922F032A70BC1F00F770AD /* Inter-Medium.ttf */; };
		08922F0D2A70BC2000F770AD /* Inter-Black.ttf in Resources */ = {isa = PBXBuildFile; fileRef = 08922F042A70BC2000F770AD /* Inter-Black.ttf */; };
		08922F0E2A70BC2000F770AD /* Inter-ExtraBold.ttf in Resources */ = {isa = PBXBuildFile; fileRef = 08922F052A70BC2000F770AD /* Inter-ExtraBold.ttf */; };
		08922F0F2A70BC2000F770AD /* Inter-Regular.ttf in Resources */ = {isa = PBXBuildFile; fileRef = 08922F062A70BC2000F770AD /* Inter-Regular.ttf */; };
		08922F102A70BC2000F770AD /* Inter-ExtraLight.ttf in Resources */ = {isa = PBXBuildFile; fileRef = 08922F072A70BC2000F770AD /* Inter-ExtraLight.ttf */; };
		08922F112A70BC2000F770AD /* Inter-Bold.ttf in Resources */ = {isa = PBXBuildFile; fileRef = 08922F082A70BC2000F770AD /* Inter-Bold.ttf */; };
		08922F122A70BC2000F770AD /* Inter-Thin.ttf in Resources */ = {isa = PBXBuildFile; fileRef = 08922F092A70BC2000F770AD /* Inter-Thin.ttf */; };
		08922F132A70BC2000F770AD /* Inter-SemiBold.ttf in Resources */ = {isa = PBXBuildFile; fileRef = 08922F0A2A70BC2000F770AD /* Inter-SemiBold.ttf */; };
		08922F142A70BC2000F770AD /* Inter-Light.ttf in Resources */ = {isa = PBXBuildFile; fileRef = 08922F0B2A70BC2000F770AD /* Inter-Light.ttf */; };
		08922F162A70CA0700F770AD /* GetStartedViewController.swift in Sources */ = {isa = PBXBuildFile; fileRef = 08922F152A70CA0700F770AD /* GetStartedViewController.swift */; };
		08922F1B2A70FC6B00F770AD /* LoginFacebookViewModels.swift in Sources */ = {isa = PBXBuildFile; fileRef = 08922F1A2A70FC6B00F770AD /* LoginFacebookViewModels.swift */; };
		08922F1E2A71005600F770AD /* FacebookLogin in Frameworks */ = {isa = PBXBuildFile; productRef = 08922F1D2A71005600F770AD /* FacebookLogin */; };
/* End PBXBuildFile section */

/* Begin PBXFileReference section */
		087F85D02A71518A00BC1973 /* TwitterConstants.swift */ = {isa = PBXFileReference; lastKnownFileType = sourcecode.swift; path = TwitterConstants.swift; sourceTree = "<group>"; };
		087F85D22A71F6B800BC1973 /* SignupViewController.swift */ = {isa = PBXFileReference; lastKnownFileType = sourcecode.swift; path = SignupViewController.swift; sourceTree = "<group>"; };
		087F85D42A722E2A00BC1973 /* LoginViewController.swift */ = {isa = PBXFileReference; lastKnownFileType = sourcecode.swift; path = LoginViewController.swift; sourceTree = "<group>"; };
		087F85D62A724A7300BC1973 /* TabBarController.swift */ = {isa = PBXFileReference; lastKnownFileType = sourcecode.swift; path = TabBarController.swift; sourceTree = "<group>"; };
		087F85D82A724B1200BC1973 /* HomeViewController.swift */ = {isa = PBXFileReference; lastKnownFileType = sourcecode.swift; path = HomeViewController.swift; sourceTree = "<group>"; };
		087F85DA2A724B4800BC1973 /* WishlistViewController.swift */ = {isa = PBXFileReference; lastKnownFileType = sourcecode.swift; path = WishlistViewController.swift; sourceTree = "<group>"; };
		087F85DC2A724C4000BC1973 /* OrderViewController.swift */ = {isa = PBXFileReference; lastKnownFileType = sourcecode.swift; path = OrderViewController.swift; sourceTree = "<group>"; };
		087F85DE2A724C5F00BC1973 /* MyCardsViewController.swift */ = {isa = PBXFileReference; lastKnownFileType = sourcecode.swift; path = MyCardsViewController.swift; sourceTree = "<group>"; };
		08922EE12A709F0200F770AD /* FakeStore(API).app */ = {isa = PBXFileReference; explicitFileType = wrapper.application; includeInIndex = 0; path = "FakeStore(API).app"; sourceTree = BUILT_PRODUCTS_DIR; };
		08922EE42A709F0200F770AD /* AppDelegate.swift */ = {isa = PBXFileReference; lastKnownFileType = sourcecode.swift; path = AppDelegate.swift; sourceTree = "<group>"; };
		08922EE62A709F0300F770AD /* SceneDelegate.swift */ = {isa = PBXFileReference; lastKnownFileType = sourcecode.swift; path = SceneDelegate.swift; sourceTree = "<group>"; };
		08922EE82A709F0300F770AD /* ViewController.swift */ = {isa = PBXFileReference; lastKnownFileType = sourcecode.swift; path = ViewController.swift; sourceTree = "<group>"; };
		08922EED2A709F0500F770AD /* Assets.xcassets */ = {isa = PBXFileReference; lastKnownFileType = folder.assetcatalog; path = Assets.xcassets; sourceTree = "<group>"; };
		08922EF02A709F0500F770AD /* Base */ = {isa = PBXFileReference; lastKnownFileType = file.storyboard; name = Base; path = Base.lproj/LaunchScreen.storyboard; sourceTree = "<group>"; };
		08922EF22A709F0500F770AD /* Info.plist */ = {isa = PBXFileReference; lastKnownFileType = text.plist.xml; path = Info.plist; sourceTree = "<group>"; };
		08922F032A70BC1F00F770AD /* Inter-Medium.ttf */ = {isa = PBXFileReference; lastKnownFileType = file; path = "Inter-Medium.ttf"; sourceTree = "<group>"; };
		08922F042A70BC2000F770AD /* Inter-Black.ttf */ = {isa = PBXFileReference; lastKnownFileType = file; path = "Inter-Black.ttf"; sourceTree = "<group>"; };
		08922F052A70BC2000F770AD /* Inter-ExtraBold.ttf */ = {isa = PBXFileReference; lastKnownFileType = file; path = "Inter-ExtraBold.ttf"; sourceTree = "<group>"; };
		08922F062A70BC2000F770AD /* Inter-Regular.ttf */ = {isa = PBXFileReference; lastKnownFileType = file; path = "Inter-Regular.ttf"; sourceTree = "<group>"; };
		08922F072A70BC2000F770AD /* Inter-ExtraLight.ttf */ = {isa = PBXFileReference; lastKnownFileType = file; path = "Inter-ExtraLight.ttf"; sourceTree = "<group>"; };
		08922F082A70BC2000F770AD /* Inter-Bold.ttf */ = {isa = PBXFileReference; lastKnownFileType = file; path = "Inter-Bold.ttf"; sourceTree = "<group>"; };
		08922F092A70BC2000F770AD /* Inter-Thin.ttf */ = {isa = PBXFileReference; lastKnownFileType = file; path = "Inter-Thin.ttf"; sourceTree = "<group>"; };
		08922F0A2A70BC2000F770AD /* Inter-SemiBold.ttf */ = {isa = PBXFileReference; lastKnownFileType = file; path = "Inter-SemiBold.ttf"; sourceTree = "<group>"; };
		08922F0B2A70BC2000F770AD /* Inter-Light.ttf */ = {isa = PBXFileReference; lastKnownFileType = file; path = "Inter-Light.ttf"; sourceTree = "<group>"; };
		08922F152A70CA0700F770AD /* GetStartedViewController.swift */ = {isa = PBXFileReference; lastKnownFileType = sourcecode.swift; path = GetStartedViewController.swift; sourceTree = "<group>"; };
		08922F1A2A70FC6B00F770AD /* LoginFacebookViewModels.swift */ = {isa = PBXFileReference; lastKnownFileType = sourcecode.swift; name = LoginFacebookViewModels.swift; path = ../../../../../Documents/LoginFacebookViewModels.swift; sourceTree = "<group>"; };
		08922F1F2A71042200F770AD /* FakeStore(API).entitlements */ = {isa = PBXFileReference; lastKnownFileType = text.plist.entitlements; path = "FakeStore(API).entitlements"; sourceTree = "<group>"; };
/* End PBXFileReference section */

/* Begin PBXFrameworksBuildPhase section */
		08922EDE2A709F0200F770AD /* Frameworks */ = {
			isa = PBXFrameworksBuildPhase;
			buildActionMask = 2147483647;
			files = (
				08922F1E2A71005600F770AD /* FacebookLogin in Frameworks */,
				087F85CF2A714CE600BC1973 /* Swifter in Frameworks */,
			);
			runOnlyForDeploymentPostprocessing = 0;
		};
/* End PBXFrameworksBuildPhase section */

/* Begin PBXGroup section */
		08922ED82A709F0200F770AD = {
			isa = PBXGroup;
			children = (
				08922EE32A709F0200F770AD /* FakeStore(API) */,
				08922EE22A709F0200F770AD /* Products */,
			);
			sourceTree = "<group>";
		};
		08922EE22A709F0200F770AD /* Products */ = {
			isa = PBXGroup;
			children = (
				08922EE12A709F0200F770AD /* FakeStore(API).app */,
			);
			name = Products;
			sourceTree = "<group>";
		};
		08922EE32A709F0200F770AD /* FakeStore(API) */ = {
			isa = PBXGroup;
			children = (
				08922F1F2A71042200F770AD /* FakeStore(API).entitlements */,
				08922EF82A709F2D00F770AD /* Resource */,
				08922F192A70CE3300F770AD /* Models */,
				08922F182A70CE2E00F770AD /* ViewModels */,
				08922F172A70CE2700F770AD /* ViewControllers */,
				08922EF92A70BBFC00F770AD /* Fonts */,
				08922EEF2A709F0500F770AD /* LaunchScreen.storyboard */,
				08922EF22A709F0500F770AD /* Info.plist */,
				087F85D02A71518A00BC1973 /* TwitterConstants.swift */,
			);
			path = "FakeStore(API)";
			sourceTree = "<group>";
		};
		08922EF82A709F2D00F770AD /* Resource */ = {
			isa = PBXGroup;
			children = (
				08922EE42A709F0200F770AD /* AppDelegate.swift */,
				08922EE62A709F0300F770AD /* SceneDelegate.swift */,
				08922EED2A709F0500F770AD /* Assets.xcassets */,
			);
			path = Resource;
			sourceTree = "<group>";
		};
		08922EF92A70BBFC00F770AD /* Fonts */ = {
			isa = PBXGroup;
			children = (
				08922F042A70BC2000F770AD /* Inter-Black.ttf */,
				08922F082A70BC2000F770AD /* Inter-Bold.ttf */,
				08922F052A70BC2000F770AD /* Inter-ExtraBold.ttf */,
				08922F072A70BC2000F770AD /* Inter-ExtraLight.ttf */,
				08922F0B2A70BC2000F770AD /* Inter-Light.ttf */,
				08922F032A70BC1F00F770AD /* Inter-Medium.ttf */,
				08922F062A70BC2000F770AD /* Inter-Regular.ttf */,
				08922F0A2A70BC2000F770AD /* Inter-SemiBold.ttf */,
				08922F092A70BC2000F770AD /* Inter-Thin.ttf */,
			);
			path = Fonts;
			sourceTree = "<group>";
		};
		08922F172A70CE2700F770AD /* ViewControllers */ = {
			isa = PBXGroup;
			children = (
				08922EE82A709F0300F770AD /* ViewController.swift */,
				08922F152A70CA0700F770AD /* GetStartedViewController.swift */,
				087F85D22A71F6B800BC1973 /* SignupViewController.swift */,
				087F85D42A722E2A00BC1973 /* LoginViewController.swift */,
				087F85D62A724A7300BC1973 /* TabBarController.swift */,
				087F85D82A724B1200BC1973 /* HomeViewController.swift */,
				087F85DA2A724B4800BC1973 /* WishlistViewController.swift */,
				087F85DC2A724C4000BC1973 /* OrderViewController.swift */,
				087F85DE2A724C5F00BC1973 /* MyCardsViewController.swift */,
			);
			path = ViewControllers;
			sourceTree = "<group>";
		};
		08922F182A70CE2E00F770AD /* ViewModels */ = {
			isa = PBXGroup;
			children = (
				08922F1A2A70FC6B00F770AD /* LoginFacebookViewModels.swift */,
			);
			path = ViewModels;
			sourceTree = "<group>";
		};
		08922F192A70CE3300F770AD /* Models */ = {
			isa = PBXGroup;
			children = (
			);
			path = Models;
			sourceTree = "<group>";
		};
/* End PBXGroup section */

/* Begin PBXNativeTarget section */
		08922EE02A709F0200F770AD /* FakeStore(API) */ = {
			isa = PBXNativeTarget;
			buildConfigurationList = 08922EF52A709F0500F770AD /* Build configuration list for PBXNativeTarget "FakeStore(API)" */;
			buildPhases = (
				08922EDD2A709F0200F770AD /* Sources */,
				08922EDE2A709F0200F770AD /* Frameworks */,
				08922EDF2A709F0200F770AD /* Resources */,
			);
			buildRules = (
			);
			dependencies = (
			);
			name = "FakeStore(API)";
			packageProductDependencies = (
				08922F1D2A71005600F770AD /* FacebookLogin */,
				087F85CE2A714CE600BC1973 /* Swifter */,
			);
			productName = "FakeStore(API)";
			productReference = 08922EE12A709F0200F770AD /* FakeStore(API).app */;
			productType = "com.apple.product-type.application";
		};
/* End PBXNativeTarget section */

/* Begin PBXProject section */
		08922ED92A709F0200F770AD /* Project object */ = {
			isa = PBXProject;
			attributes = {
				BuildIndependentTargetsInParallel = 1;
				LastSwiftUpdateCheck = 1430;
				LastUpgradeCheck = 1430;
				TargetAttributes = {
					08922EE02A709F0200F770AD = {
						CreatedOnToolsVersion = 14.3.1;
					};
				};
			};
			buildConfigurationList = 08922EDC2A709F0200F770AD /* Build configuration list for PBXProject "FakeStore(API)" */;
			compatibilityVersion = "Xcode 14.0";
			developmentRegion = en;
			hasScannedForEncodings = 0;
			knownRegions = (
				en,
				Base,
			);
			mainGroup = 08922ED82A709F0200F770AD;
			packageReferences = (
				08922F1C2A71005600F770AD /* XCRemoteSwiftPackageReference "facebook-ios-sdk" */,
				087F85CD2A714CE600BC1973 /* XCRemoteSwiftPackageReference "Swifter" */,
			);
			productRefGroup = 08922EE22A709F0200F770AD /* Products */;
			projectDirPath = "";
			projectRoot = "";
			targets = (
				08922EE02A709F0200F770AD /* FakeStore(API) */,
			);
		};
/* End PBXProject section */

/* Begin PBXResourcesBuildPhase section */
		08922EDF2A709F0200F770AD /* Resources */ = {
			isa = PBXResourcesBuildPhase;
			buildActionMask = 2147483647;
			files = (
				08922F0E2A70BC2000F770AD /* Inter-ExtraBold.ttf in Resources */,
				08922EF12A709F0500F770AD /* LaunchScreen.storyboard in Resources */,
				08922F122A70BC2000F770AD /* Inter-Thin.ttf in Resources */,
				08922F112A70BC2000F770AD /* Inter-Bold.ttf in Resources */,
				08922EEE2A709F0500F770AD /* Assets.xcassets in Resources */,
				08922F102A70BC2000F770AD /* Inter-ExtraLight.ttf in Resources */,
				08922F0C2A70BC2000F770AD /* Inter-Medium.ttf in Resources */,
				08922F0F2A70BC2000F770AD /* Inter-Regular.ttf in Resources */,
				08922F142A70BC2000F770AD /* Inter-Light.ttf in Resources */,
				08922F132A70BC2000F770AD /* Inter-SemiBold.ttf in Resources */,
				08922F0D2A70BC2000F770AD /* Inter-Black.ttf in Resources */,
			);
			runOnlyForDeploymentPostprocessing = 0;
		};
/* End PBXResourcesBuildPhase section */

/* Begin PBXSourcesBuildPhase section */
		08922EDD2A709F0200F770AD /* Sources */ = {
			isa = PBXSourcesBuildPhase;
			buildActionMask = 2147483647;
			files = (
				087F85DF2A724C5F00BC1973 /* MyCardsViewController.swift in Sources */,
				08922F162A70CA0700F770AD /* GetStartedViewController.swift in Sources */,
				087F85D32A71F6B800BC1973 /* SignupViewController.swift in Sources */,
				087F85DB2A724B4800BC1973 /* WishlistViewController.swift in Sources */,
				08922F1B2A70FC6B00F770AD /* LoginFacebookViewModels.swift in Sources */,
				08922EE92A709F0300F770AD /* ViewController.swift in Sources */,
				087F85D52A722E2B00BC1973 /* LoginViewController.swift in Sources */,
				087F85D92A724B1200BC1973 /* HomeViewController.swift in Sources */,
				087F85D72A724A7300BC1973 /* TabBarController.swift in Sources */,
				08922EE52A709F0200F770AD /* AppDelegate.swift in Sources */,
				08922EE72A709F0300F770AD /* SceneDelegate.swift in Sources */,
				087F85D12A71518A00BC1973 /* TwitterConstants.swift in Sources */,
				087F85DD2A724C4000BC1973 /* OrderViewController.swift in Sources */,
			);
			runOnlyForDeploymentPostprocessing = 0;
		};
/* End PBXSourcesBuildPhase section */

/* Begin PBXVariantGroup section */
		08922EEF2A709F0500F770AD /* LaunchScreen.storyboard */ = {
			isa = PBXVariantGroup;
			children = (
				08922EF02A709F0500F770AD /* Base */,
			);
			name = LaunchScreen.storyboard;
			sourceTree = "<group>";
		};
/* End PBXVariantGroup section */

/* Begin XCBuildConfiguration section */
		08922EF32A709F0500F770AD /* Debug */ = {
			isa = XCBuildConfiguration;
			buildSettings = {
				ALWAYS_SEARCH_USER_PATHS = NO;
				CLANG_ANALYZER_NONNULL = YES;
				CLANG_ANALYZER_NUMBER_OBJECT_CONVERSION = YES_AGGRESSIVE;
				CLANG_CXX_LANGUAGE_STANDARD = "gnu++20";
				CLANG_ENABLE_MODULES = YES;
				CLANG_ENABLE_OBJC_ARC = YES;
				CLANG_ENABLE_OBJC_WEAK = YES;
				CLANG_WARN_BLOCK_CAPTURE_AUTORELEASING = YES;
				CLANG_WARN_BOOL_CONVERSION = YES;
				CLANG_WARN_COMMA = YES;
				CLANG_WARN_CONSTANT_CONVERSION = YES;
				CLANG_WARN_DEPRECATED_OBJC_IMPLEMENTATIONS = YES;
				CLANG_WARN_DIRECT_OBJC_ISA_USAGE = YES_ERROR;
				CLANG_WARN_DOCUMENTATION_COMMENTS = YES;
				CLANG_WARN_EMPTY_BODY = YES;
				CLANG_WARN_ENUM_CONVERSION = YES;
				CLANG_WARN_INFINITE_RECURSION = YES;
				CLANG_WARN_INT_CONVERSION = YES;
				CLANG_WARN_NON_LITERAL_NULL_CONVERSION = YES;
				CLANG_WARN_OBJC_IMPLICIT_RETAIN_SELF = YES;
				CLANG_WARN_OBJC_LITERAL_CONVERSION = YES;
				CLANG_WARN_OBJC_ROOT_CLASS = YES_ERROR;
				CLANG_WARN_QUOTED_INCLUDE_IN_FRAMEWORK_HEADER = YES;
				CLANG_WARN_RANGE_LOOP_ANALYSIS = YES;
				CLANG_WARN_STRICT_PROTOTYPES = YES;
				CLANG_WARN_SUSPICIOUS_MOVE = YES;
				CLANG_WARN_UNGUARDED_AVAILABILITY = YES_AGGRESSIVE;
				CLANG_WARN_UNREACHABLE_CODE = YES;
				CLANG_WARN__DUPLICATE_METHOD_MATCH = YES;
				COPY_PHASE_STRIP = NO;
				DEBUG_INFORMATION_FORMAT = dwarf;
				ENABLE_STRICT_OBJC_MSGSEND = YES;
				ENABLE_TESTABILITY = YES;
				GCC_C_LANGUAGE_STANDARD = gnu11;
				GCC_DYNAMIC_NO_PIC = NO;
				GCC_NO_COMMON_BLOCKS = YES;
				GCC_OPTIMIZATION_LEVEL = 0;
				GCC_PREPROCESSOR_DEFINITIONS = (
					"DEBUG=1",
					"$(inherited)",
				);
				GCC_WARN_64_TO_32_BIT_CONVERSION = YES;
				GCC_WARN_ABOUT_RETURN_TYPE = YES_ERROR;
				GCC_WARN_UNDECLARED_SELECTOR = YES;
				GCC_WARN_UNINITIALIZED_AUTOS = YES_AGGRESSIVE;
				GCC_WARN_UNUSED_FUNCTION = YES;
				GCC_WARN_UNUSED_VARIABLE = YES;
				IPHONEOS_DEPLOYMENT_TARGET = 16.4;
				MTL_ENABLE_DEBUG_INFO = INCLUDE_SOURCE;
				MTL_FAST_MATH = YES;
				ONLY_ACTIVE_ARCH = YES;
				SDKROOT = iphoneos;
				SWIFT_ACTIVE_COMPILATION_CONDITIONS = DEBUG;
				SWIFT_OPTIMIZATION_LEVEL = "-Onone";
			};
			name = Debug;
		};
		08922EF42A709F0500F770AD /* Release */ = {
			isa = XCBuildConfiguration;
			buildSettings = {
				ALWAYS_SEARCH_USER_PATHS = NO;
				CLANG_ANALYZER_NONNULL = YES;
				CLANG_ANALYZER_NUMBER_OBJECT_CONVERSION = YES_AGGRESSIVE;
				CLANG_CXX_LANGUAGE_STANDARD = "gnu++20";
				CLANG_ENABLE_MODULES = YES;
				CLANG_ENABLE_OBJC_ARC = YES;
				CLANG_ENABLE_OBJC_WEAK = YES;
				CLANG_WARN_BLOCK_CAPTURE_AUTORELEASING = YES;
				CLANG_WARN_BOOL_CONVERSION = YES;
				CLANG_WARN_COMMA = YES;
				CLANG_WARN_CONSTANT_CONVERSION = YES;
				CLANG_WARN_DEPRECATED_OBJC_IMPLEMENTATIONS = YES;
				CLANG_WARN_DIRECT_OBJC_ISA_USAGE = YES_ERROR;
				CLANG_WARN_DOCUMENTATION_COMMENTS = YES;
				CLANG_WARN_EMPTY_BODY = YES;
				CLANG_WARN_ENUM_CONVERSION = YES;
				CLANG_WARN_INFINITE_RECURSION = YES;
				CLANG_WARN_INT_CONVERSION = YES;
				CLANG_WARN_NON_LITERAL_NULL_CONVERSION = YES;
				CLANG_WARN_OBJC_IMPLICIT_RETAIN_SELF = YES;
				CLANG_WARN_OBJC_LITERAL_CONVERSION = YES;
				CLANG_WARN_OBJC_ROOT_CLASS = YES_ERROR;
				CLANG_WARN_QUOTED_INCLUDE_IN_FRAMEWORK_HEADER = YES;
				CLANG_WARN_RANGE_LOOP_ANALYSIS = YES;
				CLANG_WARN_STRICT_PROTOTYPES = YES;
				CLANG_WARN_SUSPICIOUS_MOVE = YES;
				CLANG_WARN_UNGUARDED_AVAILABILITY = YES_AGGRESSIVE;
				CLANG_WARN_UNREACHABLE_CODE = YES;
				CLANG_WARN__DUPLICATE_METHOD_MATCH = YES;
				COPY_PHASE_STRIP = NO;
				DEBUG_INFORMATION_FORMAT = "dwarf-with-dsym";
				ENABLE_NS_ASSERTIONS = NO;
				ENABLE_STRICT_OBJC_MSGSEND = YES;
				GCC_C_LANGUAGE_STANDARD = gnu11;
				GCC_NO_COMMON_BLOCKS = YES;
				GCC_WARN_64_TO_32_BIT_CONVERSION = YES;
				GCC_WARN_ABOUT_RETURN_TYPE = YES_ERROR;
				GCC_WARN_UNDECLARED_SELECTOR = YES;
				GCC_WARN_UNINITIALIZED_AUTOS = YES_AGGRESSIVE;
				GCC_WARN_UNUSED_FUNCTION = YES;
				GCC_WARN_UNUSED_VARIABLE = YES;
				IPHONEOS_DEPLOYMENT_TARGET = 16.4;
				MTL_ENABLE_DEBUG_INFO = NO;
				MTL_FAST_MATH = YES;
				SDKROOT = iphoneos;
				SWIFT_COMPILATION_MODE = wholemodule;
				SWIFT_OPTIMIZATION_LEVEL = "-O";
				VALIDATE_PRODUCT = YES;
			};
			name = Release;
		};
		08922EF62A709F0500F770AD /* Debug */ = {
			isa = XCBuildConfiguration;
			buildSettings = {
				ASSETCATALOG_COMPILER_APPICON_NAME = AppIcon;
				ASSETCATALOG_COMPILER_GLOBAL_ACCENT_COLOR_NAME = AccentColor;
				CODE_SIGN_ENTITLEMENTS = "FakeStore(API)/FakeStore(API).entitlements";
				CODE_SIGN_STYLE = Automatic;
				CURRENT_PROJECT_VERSION = 1;
				DEVELOPMENT_TEAM = P8794RMH4C;
				GENERATE_INFOPLIST_FILE = YES;
				INFOPLIST_FILE = "FakeStore(API)/Info.plist";
				INFOPLIST_KEY_UIApplicationSupportsIndirectInputEvents = YES;
				INFOPLIST_KEY_UILaunchStoryboardName = LaunchScreen;
				INFOPLIST_KEY_UISupportedInterfaceOrientations_iPad = "UIInterfaceOrientationPortrait UIInterfaceOrientationPortraitUpsideDown UIInterfaceOrientationLandscapeLeft UIInterfaceOrientationLandscapeRight";
				INFOPLIST_KEY_UISupportedInterfaceOrientations_iPhone = "UIInterfaceOrientationPortrait UIInterfaceOrientationLandscapeLeft UIInterfaceOrientationLandscapeRight";
				LD_RUNPATH_SEARCH_PATHS = (
					"$(inherited)",
					"@executable_path/Frameworks",
				);
				MARKETING_VERSION = 1.0;
				PRODUCT_BUNDLE_IDENTIFIER = "com.pututyb.FakeStore-API-";
				PRODUCT_NAME = "$(TARGET_NAME)";
				SWIFT_EMIT_LOC_STRINGS = YES;
				SWIFT_VERSION = 5.0;
				TARGETED_DEVICE_FAMILY = "1,2";
			};
			name = Debug;
		};
		08922EF72A709F0500F770AD /* Release */ = {
			isa = XCBuildConfiguration;
			buildSettings = {
				ASSETCATALOG_COMPILER_APPICON_NAME = AppIcon;
				ASSETCATALOG_COMPILER_GLOBAL_ACCENT_COLOR_NAME = AccentColor;
				CODE_SIGN_ENTITLEMENTS = "FakeStore(API)/FakeStore(API).entitlements";
				CODE_SIGN_STYLE = Automatic;
				CURRENT_PROJECT_VERSION = 1;
				DEVELOPMENT_TEAM = P8794RMH4C;
				GENERATE_INFOPLIST_FILE = YES;
				INFOPLIST_FILE = "FakeStore(API)/Info.plist";
				INFOPLIST_KEY_UIApplicationSupportsIndirectInputEvents = YES;
				INFOPLIST_KEY_UILaunchStoryboardName = LaunchScreen;
				INFOPLIST_KEY_UISupportedInterfaceOrientations_iPad = "UIInterfaceOrientationPortrait UIInterfaceOrientationPortraitUpsideDown UIInterfaceOrientationLandscapeLeft UIInterfaceOrientationLandscapeRight";
				INFOPLIST_KEY_UISupportedInterfaceOrientations_iPhone = "UIInterfaceOrientationPortrait UIInterfaceOrientationLandscapeLeft UIInterfaceOrientationLandscapeRight";
				LD_RUNPATH_SEARCH_PATHS = (
					"$(inherited)",
					"@executable_path/Frameworks",
				);
				MARKETING_VERSION = 1.0;
				PRODUCT_BUNDLE_IDENTIFIER = "com.pututyb.FakeStore-API-";
				PRODUCT_NAME = "$(TARGET_NAME)";
				SWIFT_EMIT_LOC_STRINGS = YES;
				SWIFT_VERSION = 5.0;
				TARGETED_DEVICE_FAMILY = "1,2";
			};
			name = Release;
		};
/* End XCBuildConfiguration section */

/* Begin XCConfigurationList section */
		08922EDC2A709F0200F770AD /* Build configuration list for PBXProject "FakeStore(API)" */ = {
			isa = XCConfigurationList;
			buildConfigurations = (
				08922EF32A709F0500F770AD /* Debug */,
				08922EF42A709F0500F770AD /* Release */,
			);
			defaultConfigurationIsVisible = 0;
			defaultConfigurationName = Release;
		};
		08922EF52A709F0500F770AD /* Build configuration list for PBXNativeTarget "FakeStore(API)" */ = {
			isa = XCConfigurationList;
			buildConfigurations = (
				08922EF62A709F0500F770AD /* Debug */,
				08922EF72A709F0500F770AD /* Release */,
			);
			defaultConfigurationIsVisible = 0;
			defaultConfigurationName = Release;
		};
/* End XCConfigurationList section */

/* Begin XCRemoteSwiftPackageReference section */
		087F85CD2A714CE600BC1973 /* XCRemoteSwiftPackageReference "Swifter" */ = {
			isa = XCRemoteSwiftPackageReference;
			repositoryURL = "https://github.com/mattdonnelly/Swifter";
			requirement = {
				kind = upToNextMajorVersion;
				minimumVersion = 2.0.0;
			};
		};
		08922F1C2A71005600F770AD /* XCRemoteSwiftPackageReference "facebook-ios-sdk" */ = {
			isa = XCRemoteSwiftPackageReference;
			repositoryURL = "https://github.com/facebook/facebook-ios-sdk";
			requirement = {
				kind = upToNextMajorVersion;
				minimumVersion = 14.0.0;
			};
		};
/* End XCRemoteSwiftPackageReference section */

/* Begin XCSwiftPackageProductDependency section */
		087F85CE2A714CE600BC1973 /* Swifter */ = {
			isa = XCSwiftPackageProductDependency;
			package = 087F85CD2A714CE600BC1973 /* XCRemoteSwiftPackageReference "Swifter" */;
			productName = Swifter;
		};
		08922F1D2A71005600F770AD /* FacebookLogin */ = {
			isa = XCSwiftPackageProductDependency;
			package = 08922F1C2A71005600F770AD /* XCRemoteSwiftPackageReference "facebook-ios-sdk" */;
			productName = FacebookLogin;
		};
/* End XCSwiftPackageProductDependency section */
	};
	rootObject = 08922ED92A709F0200F770AD /* Project object */;
}
